
Microsoft Visual Studio Solution File, Format Version 12.00
Project("{FAE04EC0-301F-11D3-BF4B-00C04F79EFBC}") = "Serializator.App", "Serializator.App\Serializator.App.csproj", "{3730A1E5-0949-4F88-B95C-D641A4E5663A}"
EndProject
Global
	GlobalSection(SolutionConfigurationPlatforms) = preSolution
		Debug|Any CPU = Debug|Any CPU
		Release|Any CPU = Release|Any CPU
	EndGlobalSection
	GlobalSection(ProjectConfigurationPlatforms) = postSolution
		{3730A1E5-0949-4F88-B95C-D641A4E5663A}.Debug|Any CPU.ActiveCfg = Debug|Any CPU
		{3730A1E5-0949-4F88-B95C-D641A4E5663A}.Debug|Any CPU.Build.0 = Debug|Any CPU
		{3730A1E5-0949-4F88-B95C-D641A4E5663A}.Release|Any CPU.ActiveCfg = Release|Any CPU
		{3730A1E5-0949-4F88-B95C-D641A4E5663A}.Release|Any CPU.Build.0 = Release|Any CPU
	EndGlobalSection
EndGlobal
